// !$*UTF8*$!
{
	archiveVersion = 1;
	classes = {
	};
	objectVersion = 50;
	objects = {

/* Begin PBXBuildFile section */
		A0961E1521F9296B008D88F3 /* AppDelegate.swift in Sources */ = {isa = PBXBuildFile; fileRef = A0961E1421F9296B008D88F3 /* AppDelegate.swift */; };
		A0961E1721F9296B008D88F3 /* ViewController.swift in Sources */ = {isa = PBXBuildFile; fileRef = A0961E1621F9296B008D88F3 /* ViewController.swift */; };
		A0961E1A21F9296B008D88F3 /* Main.storyboard in Resources */ = {isa = PBXBuildFile; fileRef = A0961E1821F9296B008D88F3 /* Main.storyboard */; };
		A0961E1C21F9296F008D88F3 /* Assets.xcassets in Resources */ = {isa = PBXBuildFile; fileRef = A0961E1B21F9296F008D88F3 /* Assets.xcassets */; };
		A0961E1F21F9296F008D88F3 /* LaunchScreen.storyboard in Resources */ = {isa = PBXBuildFile; fileRef = A0961E1D21F9296F008D88F3 /* LaunchScreen.storyboard */; };
		A0961E2A21F92970008D88F3 /* calculatorTests.swift in Sources */ = {isa = PBXBuildFile; fileRef = A0961E2921F92970008D88F3 /* calculatorTests.swift */; };
		A0961E3521F92970008D88F3 /* calculatorUITests.swift in Sources */ = {isa = PBXBuildFile; fileRef = A0961E3421F92970008D88F3 /* calculatorUITests.swift */; };
/* End PBXBuildFile section */

/* Begin PBXContainerItemProxy section */
		A0961E2621F92970008D88F3 /* PBXContainerItemProxy */ = {
			isa = PBXContainerItemProxy;
			containerPortal = A0961E0921F9296B008D88F3 /* Project object */;
			proxyType = 1;
			remoteGlobalIDString = A0961E1021F9296B008D88F3;
			remoteInfo = calculator;
		};
		A0961E3121F92970008D88F3 /* PBXContainerItemProxy */ = {
			isa = PBXContainerItemProxy;
			containerPortal = A0961E0921F9296B008D88F3 /* Project object */;
			proxyType = 1;
			remoteGlobalIDString = A0961E1021F9296B008D88F3;
			remoteInfo = calculator;
		};
/* End PBXContainerItemProxy section */

/* Begin PBXFileReference section */
		A0961E1121F9296B008D88F3 /* calculator.app */ = {isa = PBXFileReference; explicitFileType = wrapper.application; includeInIndex = 0; path = calculator.app; sourceTree = BUILT_PRODUCTS_DIR; };
		A0961E1421F9296B008D88F3 /* AppDelegate.swift */ = {isa = PBXFileReference; lastKnownFileType = sourcecode.swift; path = AppDelegate.swift; sourceTree = "<group>"; };
		A0961E1621F9296B008D88F3 /* ViewController.swift */ = {isa = PBXFileReference; lastKnownFileType = sourcecode.swift; path = ViewController.swift; sourceTree = "<group>"; };
		A0961E1921F9296B008D88F3 /* Base */ = {isa = PBXFileReference; lastKnownFileType = file.storyboard; name = Base; path = Base.lproj/Main.storyboard; sourceTree = "<group>"; };
		A0961E1B21F9296F008D88F3 /* Assets.xcassets */ = {isa = PBXFileReference; lastKnownFileType = folder.assetcatalog; path = Assets.xcassets; sourceTree = "<group>"; };
		A0961E1E21F9296F008D88F3 /* Base */ = {isa = PBXFileReference; lastKnownFileType = file.storyboard; name = Base; path = Base.lproj/LaunchScreen.storyboard; sourceTree = "<group>"; };
		A0961E2021F9296F008D88F3 /* Info.plist */ = {isa = PBXFileReference; lastKnownFileType = text.plist.xml; path = Info.plist; sourceTree = "<group>"; };
		A0961E2521F92970008D88F3 /* calculatorTests.xctest */ = {isa = PBXFileReference; explicitFileType = wrapper.cfbundle; includeInIndex = 0; path = calculatorTests.xctest; sourceTree = BUILT_PRODUCTS_DIR; };
		A0961E2921F92970008D88F3 /* calculatorTests.swift */ = {isa = PBXFileReference; lastKnownFileType = sourcecode.swift; path = calculatorTests.swift; sourceTree = "<group>"; };
		A0961E2B21F92970008D88F3 /* Info.plist */ = {isa = PBXFileReference; lastKnownFileType = text.plist.xml; path = Info.plist; sourceTree = "<group>"; };
		A0961E3021F92970008D88F3 /* calculatorUITests.xctest */ = {isa = PBXFileReference; explicitFileType = wrapper.cfbundle; includeInIndex = 0; path = calculatorUITests.xctest; sourceTree = BUILT_PRODUCTS_DIR; };
		A0961E3421F92970008D88F3 /* calculatorUITests.swift */ = {isa = PBXFileReference; lastKnownFileType = sourcecode.swift; path = calculatorUITests.swift; sourceTree = "<group>"; };
		A0961E3621F92970008D88F3 /* Info.plist */ = {isa = PBXFileReference; lastKnownFileType = text.plist.xml; path = Info.plist; sourceTree = "<group>"; };
/* End PBXFileReference section */

/* Begin PBXFrameworksBuildPhase section */
		A0961E0E21F9296B008D88F3 /* Frameworks */ = {
			isa = PBXFrameworksBuildPhase;
			buildActionMask = 2147483647;
			files = (
			);
			runOnlyForDeploymentPostprocessing = 0;
		};
		A0961E2221F92970008D88F3 /* Frameworks */ = {
			isa = PBXFrameworksBuildPhase;
			buildActionMask = 2147483647;
			files = (
			);
			runOnlyForDeploymentPostprocessing = 0;
		};
		A0961E2D21F92970008D88F3 /* Frameworks */ = {
			isa = PBXFrameworksBuildPhase;
			buildActionMask = 2147483647;
			files = (
			);
			runOnlyForDeploymentPostprocessing = 0;
		};
/* End PBXFrameworksBuildPhase section */

/* Begin PBXGroup section */
		A0961E0821F9296B008D88F3 = {
			isa = PBXGroup;
			children = (
				A0961E1321F9296B008D88F3 /* calculator */,
				A0961E2821F92970008D88F3 /* calculatorTests */,
				A0961E3321F92970008D88F3 /* calculatorUITests */,
				A0961E1221F9296B008D88F3 /* Products */,
			);
			sourceTree = "<group>";
		};
		A0961E1221F9296B008D88F3 /* Products */ = {
			isa = PBXGroup;
			children = (
				A0961E1121F9296B008D88F3 /* calculator.app */,
				A0961E2521F92970008D88F3 /* calculatorTests.xctest */,
				A0961E3021F92970008D88F3 /* calculatorUITests.xctest */,
			);
			name = Products;
			sourceTree = "<group>";
		};
		A0961E1321F9296B008D88F3 /* calculator */ = {
			isa = PBXGroup;
			children = (
				A0961E1421F9296B008D88F3 /* AppDelegate.swift */,
				A0961E1621F9296B008D88F3 /* ViewController.swift */,
				A0961E1821F9296B008D88F3 /* Main.storyboard */,
				A0961E1B21F9296F008D88F3 /* Assets.xcassets */,
				A0961E1D21F9296F008D88F3 /* LaunchScreen.storyboard */,
				A0961E2021F9296F008D88F3 /* Info.plist */,
			);
			path = calculator;
			sourceTree = "<group>";
		};
		A0961E2821F92970008D88F3 /* calculatorTests */ = {
			isa = PBXGroup;
			children = (
				A0961E2921F92970008D88F3 /* calculatorTests.swift */,
				A0961E2B21F92970008D88F3 /* Info.plist */,
			);
			path = calculatorTests;
			sourceTree = "<group>";
		};
		A0961E3321F92970008D88F3 /* calculatorUITests */ = {
			isa = PBXGroup;
			children = (
				A0961E3421F92970008D88F3 /* calculatorUITests.swift */,
				A0961E3621F92970008D88F3 /* Info.plist */,
			);
			path = calculatorUITests;
			sourceTree = "<group>";
		};
/* End PBXGroup section */

/* Begin PBXNativeTarget section */
		A0961E1021F9296B008D88F3 /* calculator */ = {
			isa = PBXNativeTarget;
			buildConfigurationList = A0961E3921F92970008D88F3 /* Build configuration list for PBXNativeTarget "calculator" */;
			buildPhases = (
				A0961E0D21F9296B008D88F3 /* Sources */,
				A0961E0E21F9296B008D88F3 /* Frameworks */,
				A0961E0F21F9296B008D88F3 /* Resources */,
			);
			buildRules = (
			);
			dependencies = (
			);
			name = calculator;
			productName = calculator;
			productReference = A0961E1121F9296B008D88F3 /* calculator.app */;
			productType = "com.apple.product-type.application";
		};
		A0961E2421F92970008D88F3 /* calculatorTests */ = {
			isa = PBXNativeTarget;
			buildConfigurationList = A0961E3C21F92970008D88F3 /* Build configuration list for PBXNativeTarget "calculatorTests" */;
			buildPhases = (
				A0961E2121F92970008D88F3 /* Sources */,
				A0961E2221F92970008D88F3 /* Frameworks */,
				A0961E2321F92970008D88F3 /* Resources */,
			);
			buildRules = (
			);
			dependencies = (
				A0961E2721F92970008D88F3 /* PBXTargetDependency */,
			);
			name = calculatorTests;
			productName = calculatorTests;
			productReference = A0961E2521F92970008D88F3 /* calculatorTests.xctest */;
			productType = "com.apple.product-type.bundle.unit-test";
		};
		A0961E2F21F92970008D88F3 /* calculatorUITests */ = {
			isa = PBXNativeTarget;
			buildConfigurationList = A0961E3F21F92970008D88F3 /* Build configuration list for PBXNativeTarget "calculatorUITests" */;
			buildPhases = (
				A0961E2C21F92970008D88F3 /* Sources */,
				A0961E2D21F92970008D88F3 /* Frameworks */,
				A0961E2E21F92970008D88F3 /* Resources */,
			);
			buildRules = (
			);
			dependencies = (
				A0961E3221F92970008D88F3 /* PBXTargetDependency */,
			);
			name = calculatorUITests;
			productName = calculatorUITests;
			productReference = A0961E3021F92970008D88F3 /* calculatorUITests.xctest */;
			productType = "com.apple.product-type.bundle.ui-testing";
		};
/* End PBXNativeTarget section */

/* Begin PBXProject section */
		A0961E0921F9296B008D88F3 /* Project object */ = {
			isa = PBXProject;
			attributes = {
				LastSwiftUpdateCheck = 1010;
				LastUpgradeCheck = 1010;
				ORGANIZATIONNAME = alexis;
				TargetAttributes = {
					A0961E1021F9296B008D88F3 = {
						CreatedOnToolsVersion = 10.1;
					};
					A0961E2421F92970008D88F3 = {
						CreatedOnToolsVersion = 10.1;
						TestTargetID = A0961E1021F9296B008D88F3;
					};
					A0961E2F21F92970008D88F3 = {
						CreatedOnToolsVersion = 10.1;
						TestTargetID = A0961E1021F9296B008D88F3;
					};
				};
			};
			buildConfigurationList = A0961E0C21F9296B008D88F3 /* Build configuration list for PBXProject "calculator" */;
			compatibilityVersion = "Xcode 9.3";
			developmentRegion = en;
			hasScannedForEncodings = 0;
			knownRegions = (
				en,
				Base,
			);
			mainGroup = A0961E0821F9296B008D88F3;
			productRefGroup = A0961E1221F9296B008D88F3 /* Products */;
			projectDirPath = "";
			projectRoot = "";
			targets = (
				A0961E1021F9296B008D88F3 /* calculator */,
				A0961E2421F92970008D88F3 /* calculatorTests */,
				A0961E2F21F92970008D88F3 /* calculatorUITests */,
			);
		};
/* End PBXProject section */

/* Begin PBXResourcesBuildPhase section */
		A0961E0F21F9296B008D88F3 /* Resources */ = {
			isa = PBXResourcesBuildPhase;
			buildActionMask = 2147483647;
			files = (
				A0961E1F21F9296F008D88F3 /* LaunchScreen.storyboard in Resources */,
				A0961E1C21F9296F008D88F3 /* Assets.xcassets in Resources */,
				A0961E1A21F9296B008D88F3 /* Main.storyboard in Resources */,
			);
			runOnlyForDeploymentPostprocessing = 0;
		};
		A0961E2321F92970008D88F3 /* Resources */ = {
			isa = PBXResourcesBuildPhase;
			buildActionMask = 2147483647;
			files = (
			);
			runOnlyForDeploymentPostprocessing = 0;
		};
		A0961E2E21F92970008D88F3 /* Resources */ = {
			isa = PBXResourcesBuildPhase;
			buildActionMask = 2147483647;
			files = (
			);
			runOnlyForDeploymentPostprocessing = 0;
		};
/* End PBXResourcesBuildPhase section */

/* Begin PBXSourcesBuildPhase section */
		A0961E0D21F9296B008D88F3 /* Sources */ = {
			isa = PBXSourcesBuildPhase;
			buildActionMask = 2147483647;
			files = (
				A0961E1721F9296B008D88F3 /* ViewController.swift in Sources */,
				A0961E1521F9296B008D88F3 /* AppDelegate.swift in Sources */,
			);
			runOnlyForDeploymentPostprocessing = 0;
		};
		A0961E2121F92970008D88F3 /* Sources */ = {
			isa = PBXSourcesBuildPhase;
			buildActionMask = 2147483647;
			files = (
				A0961E2A21F92970008D88F3 /* calculatorTests.swift in Sources */,
			);
			runOnlyForDeploymentPostprocessing = 0;
		};
		A0961E2C21F92970008D88F3 /* Sources */ = {
			isa = PBXSourcesBuildPhase;
			buildActionMask = 2147483647;
			files = (
				A0961E3521F92970008D88F3 /* calculatorUITests.swift in Sources */,
			);
			runOnlyForDeploymentPostprocessing = 0;
		};
/* End PBXSourcesBuildPhase section */

/* Begin PBXTargetDependency section */
		A0961E2721F92970008D88F3 /* PBXTargetDependency */ = {
			isa = PBXTargetDependency;
			target = A0961E1021F9296B008D88F3 /* calculator */;
			targetProxy = A0961E2621F92970008D88F3 /* PBXContainerItemProxy */;
		};
		A0961E3221F92970008D88F3 /* PBXTargetDependency */ = {
			isa = PBXTargetDependency;
			target = A0961E1021F9296B008D88F3 /* calculator */;
			targetProxy = A0961E3121F92970008D88F3 /* PBXContainerItemProxy */;
		};
/* End PBXTargetDependency section */

/* Begin PBXVariantGroup section */
		A0961E1821F9296B008D88F3 /* Main.storyboard */ = {
			isa = PBXVariantGroup;
			children = (
				A0961E1921F9296B008D88F3 /* Base */,
			);
			name = Main.storyboard;
			sourceTree = "<group>";
		};
		A0961E1D21F9296F008D88F3 /* LaunchScreen.storyboard */ = {
			isa = PBXVariantGroup;
			children = (
				A0961E1E21F9296F008D88F3 /* Base */,
			);
			name = LaunchScreen.storyboard;
			sourceTree = "<group>";
		};
/* End PBXVariantGroup section */

/* Begin XCBuildConfiguration section */
		A0961E3721F92970008D88F3 /* Debug */ = {
			isa = XCBuildConfiguration;
			buildSettings = {
				ALWAYS_SEARCH_USER_PATHS = NO;
				CLANG_ANALYZER_NONNULL = YES;
				CLANG_ANALYZER_NUMBER_OBJECT_CONVERSION = YES_AGGRESSIVE;
				CLANG_CXX_LANGUAGE_STANDARD = "gnu++14";
				CLANG_CXX_LIBRARY = "libc++";
				CLANG_ENABLE_MODULES = YES;
				CLANG_ENABLE_OBJC_ARC = YES;
				CLANG_ENABLE_OBJC_WEAK = YES;
				CLANG_WARN_BLOCK_CAPTURE_AUTORELEASING = YES;
				CLANG_WARN_BOOL_CONVERSION = YES;
				CLANG_WARN_COMMA = YES;
				CLANG_WARN_CONSTANT_CONVERSION = YES;
				CLANG_WARN_DEPRECATED_OBJC_IMPLEMENTATIONS = YES;
				CLANG_WARN_DIRECT_OBJC_ISA_USAGE = YES_ERROR;
				CLANG_WARN_DOCUMENTATION_COMMENTS = YES;
				CLANG_WARN_EMPTY_BODY = YES;
				CLANG_WARN_ENUM_CONVERSION = YES;
				CLANG_WARN_INFINITE_RECURSION = YES;
				CLANG_WARN_INT_CONVERSION = YES;
				CLANG_WARN_NON_LITERAL_NULL_CONVERSION = YES;
				CLANG_WARN_OBJC_IMPLICIT_RETAIN_SELF = YES;
				CLANG_WARN_OBJC_LITERAL_CONVERSION = YES;
				CLANG_WARN_OBJC_ROOT_CLASS = YES_ERROR;
				CLANG_WARN_RANGE_LOOP_ANALYSIS = YES;
				CLANG_WARN_STRICT_PROTOTYPES = YES;
				CLANG_WARN_SUSPICIOUS_MOVE = YES;
				CLANG_WARN_UNGUARDED_AVAILABILITY = YES_AGGRESSIVE;
				CLANG_WARN_UNREACHABLE_CODE = YES;
				CLANG_WARN__DUPLICATE_METHOD_MATCH = YES;
				CODE_SIGN_IDENTITY = "iPhone Developer";
				COPY_PHASE_STRIP = NO;
				DEBUG_INFORMATION_FORMAT = dwarf;
				ENABLE_STRICT_OBJC_MSGSEND = YES;
				ENABLE_TESTABILITY = YES;
				GCC_C_LANGUAGE_STANDARD = gnu11;
				GCC_DYNAMIC_NO_PIC = NO;
				GCC_NO_COMMON_BLOCKS = YES;
				GCC_OPTIMIZATION_LEVEL = 0;
				GCC_PREPROCESSOR_DEFINITIONS = (
					"DEBUG=1",
					"$(inherited)",
				);
				GCC_WARN_64_TO_32_BIT_CONVERSION = YES;
				GCC_WARN_ABOUT_RETURN_TYPE = YES_ERROR;
				GCC_WARN_UNDECLARED_SELECTOR = YES;
				GCC_WARN_UNINITIALIZED_AUTOS = YES_AGGRESSIVE;
				GCC_WARN_UNUSED_FUNCTION = YES;
				GCC_WARN_UNUSED_VARIABLE = YES;
				IPHONEOS_DEPLOYMENT_TARGET = 12.1;
				MTL_ENABLE_DEBUG_INFO = INCLUDE_SOURCE;
				MTL_FAST_MATH = YES;
				ONLY_ACTIVE_ARCH = YES;
				SDKROOT = iphoneos;
				SWIFT_ACTIVE_COMPILATION_CONDITIONS = DEBUG;
				SWIFT_OPTIMIZATION_LEVEL = "-Onone";
			};
			name = Debug;
		};
		A0961E3821F92970008D88F3 /* Release */ = {
			isa = XCBuildConfiguration;
			buildSettings = {
				ALWAYS_SEARCH_USER_PATHS = NO;
				CLANG_ANALYZER_NONNULL = YES;
				CLANG_ANALYZER_NUMBER_OBJECT_CONVERSION = YES_AGGRESSIVE;
				CLANG_CXX_LANGUAGE_STANDARD = "gnu++14";
				CLANG_CXX_LIBRARY = "libc++";
				CLANG_ENABLE_MODULES = YES;
				CLANG_ENABLE_OBJC_ARC = YES;
				CLANG_ENABLE_OBJC_WEAK = YES;
				CLANG_WARN_BLOCK_CAPTURE_AUTORELEASING = YES;
				CLANG_WARN_BOOL_CONVERSION = YES;
				CLANG_WARN_COMMA = YES;
				CLANG_WARN_CONSTANT_CONVERSION = YES;
				CLANG_WARN_DEPRECATED_OBJC_IMPLEMENTATIONS = YES;
				CLANG_WARN_DIRECT_OBJC_ISA_USAGE = YES_ERROR;
				CLANG_WARN_DOCUMENTATION_COMMENTS = YES;
				CLANG_WARN_EMPTY_BODY = YES;
				CLANG_WARN_ENUM_CONVERSION = YES;
				CLANG_WARN_INFINITE_RECURSION = YES;
				CLANG_WARN_INT_CONVERSION = YES;
				CLANG_WARN_NON_LITERAL_NULL_CONVERSION = YES;
				CLANG_WARN_OBJC_IMPLICIT_RETAIN_SELF = YES;
				CLANG_WARN_OBJC_LITERAL_CONVERSION = YES;
				CLANG_WARN_OBJC_ROOT_CLASS = YES_ERROR;
				CLANG_WARN_RANGE_LOOP_ANALYSIS = YES;
				CLANG_WARN_STRICT_PROTOTYPES = YES;
				CLANG_WARN_SUSPICIOUS_MOVE = YES;
				CLANG_WARN_UNGUARDED_AVAILABILITY = YES_AGGRESSIVE;
				CLANG_WARN_UNREACHABLE_CODE = YES;
				CLANG_WARN__DUPLICATE_METHOD_MATCH = YES;
				CODE_SIGN_IDENTITY = "iPhone Developer";
				COPY_PHASE_STRIP = NO;
				DEBUG_INFORMATION_FORMAT = "dwarf-with-dsym";
				ENABLE_NS_ASSERTIONS = NO;
				ENABLE_STRICT_OBJC_MSGSEND = YES;
				GCC_C_LANGUAGE_STANDARD = gnu11;
				GCC_NO_COMMON_BLOCKS = YES;
				GCC_WARN_64_TO_32_BIT_CONVERSION = YES;
				GCC_WARN_ABOUT_RETURN_TYPE = YES_ERROR;
				GCC_WARN_UNDECLARED_SELECTOR = YES;
				GCC_WARN_UNINITIALIZED_AUTOS = YES_AGGRESSIVE;
				GCC_WARN_UNUSED_FUNCTION = YES;
				GCC_WARN_UNUSED_VARIABLE = YES;
				IPHONEOS_DEPLOYMENT_TARGET = 12.1;
				MTL_ENABLE_DEBUG_INFO = NO;
				MTL_FAST_MATH = YES;
				SDKROOT = iphoneos;
				SWIFT_COMPILATION_MODE = wholemodule;
				SWIFT_OPTIMIZATION_LEVEL = "-O";
				VALIDATE_PRODUCT = YES;
			};
			name = Release;
		};
		A0961E3A21F92970008D88F3 /* Debug */ = {
			isa = XCBuildConfiguration;
			buildSettings = {
				ASSETCATALOG_COMPILER_APPICON_NAME = AppIcon;
				CODE_SIGN_STYLE = Automatic;
				INFOPLIST_FILE = calculator/Info.plist;
				LD_RUNPATH_SEARCH_PATHS = (
					"$(inherited)",
					"@executable_path/Frameworks",
				);
				PRODUCT_BUNDLE_IDENTIFIER = com.alexis.calculator;
				PRODUCT_NAME = "$(TARGET_NAME)";
				SWIFT_VERSION = 4.2;
				TARGETED_DEVICE_FAMILY = "1,2";
			};
			name = Debug;
		};
		A0961E3B21F92970008D88F3 /* Release */ = {
			isa = XCBuildConfiguration;
			buildSettings = {
				ASSETCATALOG_COMPILER_APPICON_NAME = AppIcon;
				CODE_SIGN_STYLE = Automatic;
				INFOPLIST_FILE = calculator/Info.plist;
				LD_RUNPATH_SEARCH_PATHS = (
					"$(inherited)",
					"@executable_path/Frameworks",
				);
				PRODUCT_BUNDLE_IDENTIFIER = com.alexis.calculator;
				PRODUCT_NAME = "$(TARGET_NAME)";
				SWIFT_VERSION = 4.2;
				TARGETED_DEVICE_FAMILY = "1,2";
			};
			name = Release;
		};
		A0961E3D21F92970008D88F3 /* Debug */ = {
			isa = XCBuildConfiguration;
			buildSettings = {
				ALWAYS_EMBED_SWIFT_STANDARD_LIBRARIES = YES;
				BUNDLE_LOADER = "$(TEST_HOST)";
				CODE_SIGN_STYLE = Automatic;
				INFOPLIST_FILE = calculatorTests/Info.plist;
				LD_RUNPATH_SEARCH_PATHS = (
					"$(inherited)",
					"@executable_path/Frameworks",
					"@loader_path/Frameworks",
				);
				PRODUCT_BUNDLE_IDENTIFIER = com.alexis.calculatorTests;
				PRODUCT_NAME = "$(TARGET_NAME)";
				SWIFT_VERSION = 4.2;
				TARGETED_DEVICE_FAMILY = "1,2";
				TEST_HOST = "$(BUILT_PRODUCTS_DIR)/calculator.app/calculator";
			};
			name = Debug;
		};
		A0961E3E21F92970008D88F3 /* Release */ = {
			isa = XCBuildConfiguration;
			buildSettings = {
				ALWAYS_EMBED_SWIFT_STANDARD_LIBRARIES = YES;
				BUNDLE_LOADER = "$(TEST_HOST)";
				CODE_SIGN_STYLE = Automatic;
				INFOPLIST_FILE = calculatorTests/Info.plist;
				LD_RUNPATH_SEARCH_PATHS = (
					"$(inherited)",
					"@executable_path/Frameworks",
					"@loader_path/Frameworks",
				);
				PRODUCT_BUNDLE_IDENTIFIER = com.alexis.calculatorTests;
				PRODUCT_NAME = "$(TARGET_NAME)";
				SWIFT_VERSION = 4.2;
				TARGETED_DEVICE_FAMILY = "1,2";
				TEST_HOST = "$(BUILT_PRODUCTS_DIR)/calculator.app/calculator";
			};
			name = Release;
		};
		A0961E4021F92970008D88F3 /* Debug */ = {
			isa = XCBuildConfiguration;
			buildSettings = {
				ALWAYS_EMBED_SWIFT_STANDARD_LIBRARIES = YES;
				CODE_SIGN_STYLE = Automatic;
				INFOPLIST_FILE = calculatorUITests/Info.plist;
				LD_RUNPATH_SEARCH_PATHS = (
					"$(inherited)",
					"@executable_path/Frameworks",
					"@loader_path/Frameworks",
				);
				PRODUCT_BUNDLE_IDENTIFIER = com.alexis.calculatorUITests;
				PRODUCT_NAME = "$(TARGET_NAME)";
				SWIFT_VERSION = 4.2;
				TARGETED_DEVICE_FAMILY = "1,2";
				TEST_TARGET_NAME = calculator;
			};
			name = Debug;
		};
		A0961E4121F92970008D88F3 /* Release */ = {
			isa = XCBuildConfiguration;
			buildSettings = {
				ALWAYS_EMBED_SWIFT_STANDARD_LIBRARIES = YES;
				CODE_SIGN_STYLE = Automatic;
				INFOPLIST_FILE = calculatorUITests/Info.plist;
				LD_RUNPATH_SEARCH_PATHS = (
					"$(inherited)",
					"@executable_path/Frameworks",
					"@loader_path/Frameworks",
				);
				PRODUCT_BUNDLE_IDENTIFIER = com.alexis.calculatorUITests;
				PRODUCT_NAME = "$(TARGET_NAME)";
				SWIFT_VERSION = 4.2;
				TARGETED_DEVICE_FAMILY = "1,2";
				TEST_TARGET_NAME = calculator;
			};
			name = Release;
		};
/* End XCBuildConfiguration section */

/* Begin XCConfigurationList section */
		A0961E0C21F9296B008D88F3 /* Build configuration list for PBXProject "calculator" */ = {
			isa = XCConfigurationList;
			buildConfigurations = (
				A0961E3721F92970008D88F3 /* Debug */,
				A0961E3821F92970008D88F3 /* Release */,
			);
			defaultConfigurationIsVisible = 0;
			defaultConfigurationName = Release;
		};
		A0961E3921F92970008D88F3 /* Build configuration list for PBXNativeTarget "calculator" */ = {
			isa = XCConfigurationList;
			buildConfigurations = (
				A0961E3A21F92970008D88F3 /* Debug */,
				A0961E3B21F92970008D88F3 /* Release */,
			);
			defaultConfigurationIsVisible = 0;
			defaultConfigurationName = Release;
		};
		A0961E3C21F92970008D88F3 /* Build configuration list for PBXNativeTarget "calculatorTests" */ = {
			isa = XCConfigurationList;
			buildConfigurations = (
				A0961E3D21F92970008D88F3 /* Debug */,
				A0961E3E21F92970008D88F3 /* Release */,
			);
			defaultConfigurationIsVisible = 0;
			defaultConfigurationName = Release;
		};
		A0961E3F21F92970008D88F3 /* Build configuration list for PBXNativeTarget "calculatorUITests" */ = {
			isa = XCConfigurationList;
			buildConfigurations = (
				A0961E4021F92970008D88F3 /* Debug */,
				A0961E4121F92970008D88F3 /* Release */,
			);
			defaultConfigurationIsVisible = 0;
			defaultConfigurationName = Release;
		};
/* End XCConfigurationList section */
	};
	rootObject = A0961E0921F9296B008D88F3 /* Project object */;
}
